
Microsoft Visual Studio Solution File, Format Version 11.00
# Visual Studio 2010
Project("{FAE04EC0-301F-11D3-BF4B-00C04F79EFBC}") = "FMODUnity", "FMODUnity.csproj", "{7790d8b3-7c26-89c6-d53c-6643c0e0e9b2}"
EndProject
Project("{FAE04EC0-301F-11D3-BF4B-00C04F79EFBC}") = "Assembly-CSharp", "Assembly-CSharp.csproj", "{29853fe2-73f1-9f1b-f10c-68d95b820d78}"
EndProject
Project("{FAE04EC0-301F-11D3-BF4B-00C04F79EFBC}") = "FMODUnityResonance", "FMODUnityResonance.csproj", "{90166353-5967-1537-51c8-5fac42c5d4b5}"
EndProject
Project("{FAE04EC0-301F-11D3-BF4B-00C04F79EFBC}") = "FMODUnityEditor", "FMODUnityEditor.csproj", "{4f0dc201-7082-c35c-7fb3-4b19eefd23a1}"
EndProject
Project("{FAE04EC0-301F-11D3-BF4B-00C04F79EFBC}") = "FMODUnityResonanceEditor", "FMODUnityResonanceEditor.csproj", "{1e5cfcf2-709e-a405-085f-28b44b47aaed}"
EndProject
Global
	GlobalSection(SolutionConfigurationPlatforms) = preSolution
		Debug|Any CPU = Debug|Any CPU
	EndGlobalSection
	GlobalSection(ProjectConfigurationPlatforms) = postSolution
		{7790d8b3-7c26-89c6-d53c-6643c0e0e9b2}.Debug|Any CPU.ActiveCfg = Debug|Any CPU
		{7790d8b3-7c26-89c6-d53c-6643c0e0e9b2}.Debug|Any CPU.Build.0 = Debug|Any CPU
		{29853fe2-73f1-9f1b-f10c-68d95b820d78}.Debug|Any CPU.ActiveCfg = Debug|Any CPU
		{29853fe2-73f1-9f1b-f10c-68d95b820d78}.Debug|Any CPU.Build.0 = Debug|Any CPU
		{90166353-5967-1537-51c8-5fac42c5d4b5}.Debug|Any CPU.ActiveCfg = Debug|Any CPU
		{90166353-5967-1537-51c8-5fac42c5d4b5}.Debug|Any CPU.Build.0 = Debug|Any CPU
		{4f0dc201-7082-c35c-7fb3-4b19eefd23a1}.Debug|Any CPU.ActiveCfg = Debug|Any CPU
		{4f0dc201-7082-c35c-7fb3-4b19eefd23a1}.Debug|Any CPU.Build.0 = Debug|Any CPU
		{1e5cfcf2-709e-a405-085f-28b44b47aaed}.Debug|Any CPU.ActiveCfg = Debug|Any CPU
		{1e5cfcf2-709e-a405-085f-28b44b47aaed}.Debug|Any CPU.Build.0 = Debug|Any CPU
	EndGlobalSection
	GlobalSection(SolutionProperties) = preSolution
		HideSolutionNode = FALSE
	EndGlobalSection
EndGlobal
